
Microsoft Visual Studio Solution File, Format Version 12.00
# Visual Studio Version 17
VisualStudioVersion = 17.4.33213.308
MinimumVisualStudioVersion = 10.0.40219.1
Project("{FAE04EC0-301F-11D3-BF4B-00C04F79EFBC}") = "G23W07WFCounter", "G23W07WFCounter\G23W07WFCounter.csproj", "{642ECE56-6EC0-4C7D-95CB-B5E27E694C44}"
EndProject
Global
	GlobalSection(SolutionConfigurationPlatforms) = preSolution
		Debug|Any CPU = Debug|Any CPU
		Release|Any CPU = Release|Any CPU
	EndGlobalSection
	GlobalSection(ProjectConfigurationPlatforms) = postSolution
		{642ECE56-6EC0-4C7D-95CB-B5E27E694C44}.Debug|Any CPU.ActiveCfg = Debug|Any CPU
		{642ECE56-6EC0-4C7D-95CB-B5E27E694C44}.Debug|Any CPU.Build.0 = Debug|Any CPU
		{642ECE56-6EC0-4C7D-95CB-B5E27E694C44}.Release|Any CPU.ActiveCfg = Release|Any CPU
		{642ECE56-6EC0-4C7D-95CB-B5E27E694C44}.Release|Any CPU.Build.0 = Release|Any CPU
	EndGlobalSection
	GlobalSection(SolutionProperties) = preSolution
		HideSolutionNode = FALSE
	EndGlobalSection
	GlobalSection(ExtensibilityGlobals) = postSolution
		SolutionGuid = {AB0912B9-BA10-4881-A15C-860B89538397}
	EndGlobalSection
EndGlobal
